
Microsoft Visual Studio Solution File, Format Version 11.00
# Visual Studio 2010
Project("{FAE04EC0-301F-11D3-BF4B-00C04F79EFBC}") = "ImageMagnifier", "ImageMagnifier\ImageMagnifier.csproj", "{E6EC7B46-22F4-4113-80E1-13A08CB40C54}"
EndProject
Project("{FAE04EC0-301F-11D3-BF4B-00C04F79EFBC}") = "MagnifierImage", "MagnifierImage\MagnifierImage.csproj", "{3E442910-AD93-488F-9139-00BE3C41BABB}"
EndProject
Global
	GlobalSection(SolutionConfigurationPlatforms) = preSolution
		Debug|Any CPU = Debug|Any CPU
		Debug|Mixed Platforms = Debug|Mixed Platforms
		Debug|x86 = Debug|x86
		Release|Any CPU = Release|Any CPU
		Release|Mixed Platforms = Release|Mixed Platforms
		Release|x86 = Release|x86
	EndGlobalSection
	GlobalSection(ProjectConfigurationPlatforms) = postSolution
		{E6EC7B46-22F4-4113-80E1-13A08CB40C54}.Debug|Any CPU.ActiveCfg = Debug|x86
		{E6EC7B46-22F4-4113-80E1-13A08CB40C54}.Debug|Mixed Platforms.ActiveCfg = Debug|x86
		{E6EC7B46-22F4-4113-80E1-13A08CB40C54}.Debug|Mixed Platforms.Build.0 = Debug|x86
		{E6EC7B46-22F4-4113-80E1-13A08CB40C54}.Debug|x86.ActiveCfg = Debug|x86
		{E6EC7B46-22F4-4113-80E1-13A08CB40C54}.Debug|x86.Build.0 = Debug|x86
		{E6EC7B46-22F4-4113-80E1-13A08CB40C54}.Release|Any CPU.ActiveCfg = Release|x86
		{E6EC7B46-22F4-4113-80E1-13A08CB40C54}.Release|Mixed Platforms.ActiveCfg = Release|x86
		{E6EC7B46-22F4-4113-80E1-13A08CB40C54}.Release|Mixed Platforms.Build.0 = Release|x86
		{E6EC7B46-22F4-4113-80E1-13A08CB40C54}.Release|x86.ActiveCfg = Release|x86
		{E6EC7B46-22F4-4113-80E1-13A08CB40C54}.Release|x86.Build.0 = Release|x86
		{3E442910-AD93-488F-9139-00BE3C41BABB}.Debug|Any CPU.ActiveCfg = Debug|Any CPU
		{3E442910-AD93-488F-9139-00BE3C41BABB}.Debug|Any CPU.Build.0 = Debug|Any CPU
		{3E442910-AD93-488F-9139-00BE3C41BABB}.Debug|Mixed Platforms.ActiveCfg = Debug|Any CPU
		{3E442910-AD93-488F-9139-00BE3C41BABB}.Debug|Mixed Platforms.Build.0 = Debug|Any CPU
		{3E442910-AD93-488F-9139-00BE3C41BABB}.Debug|x86.ActiveCfg = Debug|Any CPU
		{3E442910-AD93-488F-9139-00BE3C41BABB}.Release|Any CPU.ActiveCfg = Release|Any CPU
		{3E442910-AD93-488F-9139-00BE3C41BABB}.Release|Any CPU.Build.0 = Release|Any CPU
		{3E442910-AD93-488F-9139-00BE3C41BABB}.Release|Mixed Platforms.ActiveCfg = Release|Any CPU
		{3E442910-AD93-488F-9139-00BE3C41BABB}.Release|Mixed Platforms.Build.0 = Release|Any CPU
		{3E442910-AD93-488F-9139-00BE3C41BABB}.Release|x86.ActiveCfg = Release|Any CPU
	EndGlobalSection
	GlobalSection(SolutionProperties) = preSolution
		HideSolutionNode = FALSE
	EndGlobalSection
EndGlobal
